// !$*UTF8*$!
{
	archiveVersion = 1;
	classes = {
	};
	objectVersion = 55;
	objects = {

/* Begin PBXBuildFile section */
		AC79836D2890DD7D00C45C43 /* AppDelegate.swift in Sources */ = {isa = PBXBuildFile; fileRef = AC79836C2890DD7D00C45C43 /* AppDelegate.swift */; };
		AC79836F2890DD7D00C45C43 /* SceneDelegate.swift in Sources */ = {isa = PBXBuildFile; fileRef = AC79836E2890DD7D00C45C43 /* SceneDelegate.swift */; };
		AC7983712890DD7D00C45C43 /* ViewController.swift in Sources */ = {isa = PBXBuildFile; fileRef = AC7983702890DD7D00C45C43 /* ViewController.swift */; };
		AC7983742890DD7D00C45C43 /* Main.storyboard in Resources */ = {isa = PBXBuildFile; fileRef = AC7983722890DD7D00C45C43 /* Main.storyboard */; };
		AC7983762890DD7D00C45C43 /* Assets.xcassets in Resources */ = {isa = PBXBuildFile; fileRef = AC7983752890DD7D00C45C43 /* Assets.xcassets */; };
		AC7983792890DD7D00C45C43 /* LaunchScreen.storyboard in Resources */ = {isa = PBXBuildFile; fileRef = AC7983772890DD7D00C45C43 /* LaunchScreen.storyboard */; };
		AC7983812890E1F600C45C43 /* SearchViewController.swift in Sources */ = {isa = PBXBuildFile; fileRef = AC7983802890E1F600C45C43 /* SearchViewController.swift */; };
		AC7983842890E4CE00C45C43 /* ListTableViewCell.swift in Sources */ = {isa = PBXBuildFile; fileRef = AC7983822890E4CE00C45C43 /* ListTableViewCell.swift */; };
		AC7983852890E4CE00C45C43 /* ListTableViewCell.xib in Resources */ = {isa = PBXBuildFile; fileRef = AC7983832890E4CE00C45C43 /* ListTableViewCell.xib */; };
/* End PBXBuildFile section */

/* Begin PBXFileReference section */
		AC7983692890DD7D00C45C43 /* NetworkBasicPractice_SeSACWeek4.app */ = {isa = PBXFileReference; explicitFileType = wrapper.application; includeInIndex = 0; path = NetworkBasicPractice_SeSACWeek4.app; sourceTree = BUILT_PRODUCTS_DIR; };
		AC79836C2890DD7D00C45C43 /* AppDelegate.swift */ = {isa = PBXFileReference; lastKnownFileType = sourcecode.swift; path = AppDelegate.swift; sourceTree = "<group>"; };
		AC79836E2890DD7D00C45C43 /* SceneDelegate.swift */ = {isa = PBXFileReference; lastKnownFileType = sourcecode.swift; path = SceneDelegate.swift; sourceTree = "<group>"; };
		AC7983702890DD7D00C45C43 /* ViewController.swift */ = {isa = PBXFileReference; lastKnownFileType = sourcecode.swift; path = ViewController.swift; sourceTree = "<group>"; };
		AC7983732890DD7D00C45C43 /* Base */ = {isa = PBXFileReference; lastKnownFileType = file.storyboard; name = Base; path = Base.lproj/Main.storyboard; sourceTree = "<group>"; };
		AC7983752890DD7D00C45C43 /* Assets.xcassets */ = {isa = PBXFileReference; lastKnownFileType = folder.assetcatalog; path = Assets.xcassets; sourceTree = "<group>"; };
		AC7983782890DD7D00C45C43 /* Base */ = {isa = PBXFileReference; lastKnownFileType = file.storyboard; name = Base; path = Base.lproj/LaunchScreen.storyboard; sourceTree = "<group>"; };
		AC79837A2890DD7D00C45C43 /* Info.plist */ = {isa = PBXFileReference; lastKnownFileType = text.plist.xml; path = Info.plist; sourceTree = "<group>"; };
		AC7983802890E1F600C45C43 /* SearchViewController.swift */ = {isa = PBXFileReference; lastKnownFileType = sourcecode.swift; path = SearchViewController.swift; sourceTree = "<group>"; };
		AC7983822890E4CE00C45C43 /* ListTableViewCell.swift */ = {isa = PBXFileReference; lastKnownFileType = sourcecode.swift; path = ListTableViewCell.swift; sourceTree = "<group>"; };
		AC7983832890E4CE00C45C43 /* ListTableViewCell.xib */ = {isa = PBXFileReference; lastKnownFileType = file.xib; path = ListTableViewCell.xib; sourceTree = "<group>"; };
/* End PBXFileReference section */

/* Begin PBXFrameworksBuildPhase section */
		AC7983662890DD7D00C45C43 /* Frameworks */ = {
			isa = PBXFrameworksBuildPhase;
			buildActionMask = 2147483647;
			files = (
			);
			runOnlyForDeploymentPostprocessing = 0;
		};
/* End PBXFrameworksBuildPhase section */

/* Begin PBXGroup section */
		AC7983602890DD7D00C45C43 = {
			isa = PBXGroup;
			children = (
				AC79836B2890DD7D00C45C43 /* NetworkBasicPractice_SeSACWeek4 */,
				AC79836A2890DD7D00C45C43 /* Products */,
			);
			sourceTree = "<group>";
		};
		AC79836A2890DD7D00C45C43 /* Products */ = {
			isa = PBXGroup;
			children = (
				AC7983692890DD7D00C45C43 /* NetworkBasicPractice_SeSACWeek4.app */,
			);
			name = Products;
			sourceTree = "<group>";
		};
		AC79836B2890DD7D00C45C43 /* NetworkBasicPractice_SeSACWeek4 */ = {
			isa = PBXGroup;
			children = (
				AC79836C2890DD7D00C45C43 /* AppDelegate.swift */,
				AC79836E2890DD7D00C45C43 /* SceneDelegate.swift */,
				AC7983702890DD7D00C45C43 /* ViewController.swift */,
				AC7983722890DD7D00C45C43 /* Main.storyboard */,
				AC7983822890E4CE00C45C43 /* ListTableViewCell.swift */,
				AC7983832890E4CE00C45C43 /* ListTableViewCell.xib */,
				AC7983802890E1F600C45C43 /* SearchViewController.swift */,
				AC7983752890DD7D00C45C43 /* Assets.xcassets */,
				AC7983772890DD7D00C45C43 /* LaunchScreen.storyboard */,
				AC79837A2890DD7D00C45C43 /* Info.plist */,
			);
			path = NetworkBasicPractice_SeSACWeek4;
			sourceTree = "<group>";
		};
/* End PBXGroup section */

/* Begin PBXNativeTarget section */
		AC7983682890DD7D00C45C43 /* NetworkBasicPractice_SeSACWeek4 */ = {
			isa = PBXNativeTarget;
			buildConfigurationList = AC79837D2890DD7D00C45C43 /* Build configuration list for PBXNativeTarget "NetworkBasicPractice_SeSACWeek4" */;
			buildPhases = (
				AC7983652890DD7D00C45C43 /* Sources */,
				AC7983662890DD7D00C45C43 /* Frameworks */,
				AC7983672890DD7D00C45C43 /* Resources */,
			);
			buildRules = (
			);
			dependencies = (
			);
			name = NetworkBasicPractice_SeSACWeek4;
			productName = NetworkBasicPractice_SeSACWeek4;
			productReference = AC7983692890DD7D00C45C43 /* NetworkBasicPractice_SeSACWeek4.app */;
			productType = "com.apple.product-type.application";
		};
/* End PBXNativeTarget section */

/* Begin PBXProject section */
		AC7983612890DD7D00C45C43 /* Project object */ = {
			isa = PBXProject;
			attributes = {
				BuildIndependentTargetsInParallel = 1;
				LastSwiftUpdateCheck = 1340;
				LastUpgradeCheck = 1340;
				TargetAttributes = {
					AC7983682890DD7D00C45C43 = {
						CreatedOnToolsVersion = 13.4.1;
					};
				};
			};
			buildConfigurationList = AC7983642890DD7D00C45C43 /* Build configuration list for PBXProject "NetworkBasicPractice_SeSACWeek4" */;
			compatibilityVersion = "Xcode 13.0";
			developmentRegion = en;
			hasScannedForEncodings = 0;
			knownRegions = (
				en,
				Base,
			);
			mainGroup = AC7983602890DD7D00C45C43;
			productRefGroup = AC79836A2890DD7D00C45C43 /* Products */;
			projectDirPath = "";
			projectRoot = "";
			targets = (
				AC7983682890DD7D00C45C43 /* NetworkBasicPractice_SeSACWeek4 */,
			);
		};
/* End PBXProject section */

/* Begin PBXResourcesBuildPhase section */
		AC7983672890DD7D00C45C43 /* Resources */ = {
			isa = PBXResourcesBuildPhase;
			buildActionMask = 2147483647;
			files = (
				AC7983792890DD7D00C45C43 /* LaunchScreen.storyboard in Resources */,
				AC7983852890E4CE00C45C43 /* ListTableViewCell.xib in Resources */,
				AC7983762890DD7D00C45C43 /* Assets.xcassets in Resources */,
				AC7983742890DD7D00C45C43 /* Main.storyboard in Resources */,
			);
			runOnlyForDeploymentPostprocessing = 0;
		};
/* End PBXResourcesBuildPhase section */

/* Begin PBXSourcesBuildPhase section */
		AC7983652890DD7D00C45C43 /* Sources */ = {
			isa = PBXSourcesBuildPhase;
			buildActionMask = 2147483647;
			files = (
				AC7983712890DD7D00C45C43 /* ViewController.swift in Sources */,
				AC79836D2890DD7D00C45C43 /* AppDelegate.swift in Sources */,
				AC7983812890E1F600C45C43 /* SearchViewController.swift in Sources */,
				AC79836F2890DD7D00C45C43 /* SceneDelegate.swift in Sources */,
				AC7983842890E4CE00C45C43 /* ListTableViewCell.swift in Sources */,
			);
			runOnlyForDeploymentPostprocessing = 0;
		};
/* End PBXSourcesBuildPhase section */

/* Begin PBXVariantGroup section */
		AC7983722890DD7D00C45C43 /* Main.storyboard */ = {
			isa = PBXVariantGroup;
			children = (
				AC7983732890DD7D00C45C43 /* Base */,
			);
			name = Main.storyboard;
			sourceTree = "<group>";
		};
		AC7983772890DD7D00C45C43 /* LaunchScreen.storyboard */ = {
			isa = PBXVariantGroup;
			children = (
				AC7983782890DD7D00C45C43 /* Base */,
			);
			name = LaunchScreen.storyboard;
			sourceTree = "<group>";
		};
/* End PBXVariantGroup section */

/* Begin XCBuildConfiguration section */
		AC79837B2890DD7D00C45C43 /* Debug */ = {
			isa = XCBuildConfiguration;
			buildSettings = {
				ALWAYS_SEARCH_USER_PATHS = NO;
				CLANG_ANALYZER_NONNULL = YES;
				CLANG_ANALYZER_NUMBER_OBJECT_CONVERSION = YES_AGGRESSIVE;
				CLANG_CXX_LANGUAGE_STANDARD = "gnu++17";
				CLANG_ENABLE_MODULES = YES;
				CLANG_ENABLE_OBJC_ARC = YES;
				CLANG_ENABLE_OBJC_WEAK = YES;
				CLANG_WARN_BLOCK_CAPTURE_AUTORELEASING = YES;
				CLANG_WARN_BOOL_CONVERSION = YES;
				CLANG_WARN_COMMA = YES;
				CLANG_WARN_CONSTANT_CONVERSION = YES;
				CLANG_WARN_DEPRECATED_OBJC_IMPLEMENTATIONS = YES;
				CLANG_WARN_DIRECT_OBJC_ISA_USAGE = YES_ERROR;
				CLANG_WARN_DOCUMENTATION_COMMENTS = YES;
				CLANG_WARN_EMPTY_BODY = YES;
				CLANG_WARN_ENUM_CONVERSION = YES;
				CLANG_WARN_INFINITE_RECURSION = YES;
				CLANG_WARN_INT_CONVERSION = YES;
				CLANG_WARN_NON_LITERAL_NULL_CONVERSION = YES;
				CLANG_WARN_OBJC_IMPLICIT_RETAIN_SELF = YES;
				CLANG_WARN_OBJC_LITERAL_CONVERSION = YES;
				CLANG_WARN_OBJC_ROOT_CLASS = YES_ERROR;
				CLANG_WARN_QUOTED_INCLUDE_IN_FRAMEWORK_HEADER = YES;
				CLANG_WARN_RANGE_LOOP_ANALYSIS = YES;
				CLANG_WARN_STRICT_PROTOTYPES = YES;
				CLANG_WARN_SUSPICIOUS_MOVE = YES;
				CLANG_WARN_UNGUARDED_AVAILABILITY = YES_AGGRESSIVE;
				CLANG_WARN_UNREACHABLE_CODE = YES;
				CLANG_WARN__DUPLICATE_METHOD_MATCH = YES;
				COPY_PHASE_STRIP = NO;
				DEBUG_INFORMATION_FORMAT = dwarf;
				ENABLE_STRICT_OBJC_MSGSEND = YES;
				ENABLE_TESTABILITY = YES;
				GCC_C_LANGUAGE_STANDARD = gnu11;
				GCC_DYNAMIC_NO_PIC = NO;
				GCC_NO_COMMON_BLOCKS = YES;
				GCC_OPTIMIZATION_LEVEL = 0;
				GCC_PREPROCESSOR_DEFINITIONS = (
					"DEBUG=1",
					"$(inherited)",
				);
				GCC_WARN_64_TO_32_BIT_CONVERSION = YES;
				GCC_WARN_ABOUT_RETURN_TYPE = YES_ERROR;
				GCC_WARN_UNDECLARED_SELECTOR = YES;
				GCC_WARN_UNINITIALIZED_AUTOS = YES_AGGRESSIVE;
				GCC_WARN_UNUSED_FUNCTION = YES;
				GCC_WARN_UNUSED_VARIABLE = YES;
				IPHONEOS_DEPLOYMENT_TARGET = 15.5;
				MTL_ENABLE_DEBUG_INFO = INCLUDE_SOURCE;
				MTL_FAST_MATH = YES;
				ONLY_ACTIVE_ARCH = YES;
				SDKROOT = iphoneos;
				SWIFT_ACTIVE_COMPILATION_CONDITIONS = DEBUG;
				SWIFT_OPTIMIZATION_LEVEL = "-Onone";
			};
			name = Debug;
		};
		AC79837C2890DD7D00C45C43 /* Release */ = {
			isa = XCBuildConfiguration;
			buildSettings = {
				ALWAYS_SEARCH_USER_PATHS = NO;
				CLANG_ANALYZER_NONNULL = YES;
				CLANG_ANALYZER_NUMBER_OBJECT_CONVERSION = YES_AGGRESSIVE;
				CLANG_CXX_LANGUAGE_STANDARD = "gnu++17";
				CLANG_ENABLE_MODULES = YES;
				CLANG_ENABLE_OBJC_ARC = YES;
				CLANG_ENABLE_OBJC_WEAK = YES;
				CLANG_WARN_BLOCK_CAPTURE_AUTORELEASING = YES;
				CLANG_WARN_BOOL_CONVERSION = YES;
				CLANG_WARN_COMMA = YES;
				CLANG_WARN_CONSTANT_CONVERSION = YES;
				CLANG_WARN_DEPRECATED_OBJC_IMPLEMENTATIONS = YES;
				CLANG_WARN_DIRECT_OBJC_ISA_USAGE = YES_ERROR;
				CLANG_WARN_DOCUMENTATION_COMMENTS = YES;
				CLANG_WARN_EMPTY_BODY = YES;
				CLANG_WARN_ENUM_CONVERSION = YES;
				CLANG_WARN_INFINITE_RECURSION = YES;
				CLANG_WARN_INT_CONVERSION = YES;
				CLANG_WARN_NON_LITERAL_NULL_CONVERSION = YES;
				CLANG_WARN_OBJC_IMPLICIT_RETAIN_SELF = YES;
				CLANG_WARN_OBJC_LITERAL_CONVERSION = YES;
				CLANG_WARN_OBJC_ROOT_CLASS = YES_ERROR;
				CLANG_WARN_QUOTED_INCLUDE_IN_FRAMEWORK_HEADER = YES;
				CLANG_WARN_RANGE_LOOP_ANALYSIS = YES;
				CLANG_WARN_STRICT_PROTOTYPES = YES;
				CLANG_WARN_SUSPICIOUS_MOVE = YES;
				CLANG_WARN_UNGUARDED_AVAILABILITY = YES_AGGRESSIVE;
				CLANG_WARN_UNREACHABLE_CODE = YES;
				CLANG_WARN__DUPLICATE_METHOD_MATCH = YES;
				COPY_PHASE_STRIP = NO;
				DEBUG_INFORMATION_FORMAT = "dwarf-with-dsym";
				ENABLE_NS_ASSERTIONS = NO;
				ENABLE_STRICT_OBJC_MSGSEND = YES;
				GCC_C_LANGUAGE_STANDARD = gnu11;
				GCC_NO_COMMON_BLOCKS = YES;
				GCC_WARN_64_TO_32_BIT_CONVERSION = YES;
				GCC_WARN_ABOUT_RETURN_TYPE = YES_ERROR;
				GCC_WARN_UNDECLARED_SELECTOR = YES;
				GCC_WARN_UNINITIALIZED_AUTOS = YES_AGGRESSIVE;
				GCC_WARN_UNUSED_FUNCTION = YES;
				GCC_WARN_UNUSED_VARIABLE = YES;
				IPHONEOS_DEPLOYMENT_TARGET = 15.5;
				MTL_ENABLE_DEBUG_INFO = NO;
				MTL_FAST_MATH = YES;
				SDKROOT = iphoneos;
				SWIFT_COMPILATION_MODE = wholemodule;
				SWIFT_OPTIMIZATION_LEVEL = "-O";
				VALIDATE_PRODUCT = YES;
			};
			name = Release;
		};
		AC79837E2890DD7D00C45C43 /* Debug */ = {
			isa = XCBuildConfiguration;
			buildSettings = {
				ASSETCATALOG_COMPILER_APPICON_NAME = AppIcon;
				ASSETCATALOG_COMPILER_GLOBAL_ACCENT_COLOR_NAME = AccentColor;
				CODE_SIGN_STYLE = Automatic;
				CURRENT_PROJECT_VERSION = 1;
				DEVELOPMENT_TEAM = Q83JD2ZC9T;
				GENERATE_INFOPLIST_FILE = YES;
				INFOPLIST_FILE = NetworkBasicPractice_SeSACWeek4/Info.plist;
				INFOPLIST_KEY_UIApplicationSupportsIndirectInputEvents = YES;
				INFOPLIST_KEY_UILaunchStoryboardName = LaunchScreen;
				INFOPLIST_KEY_UIMainStoryboardFile = Main;
				INFOPLIST_KEY_UISupportedInterfaceOrientations_iPad = "UIInterfaceOrientationPortrait UIInterfaceOrientationPortraitUpsideDown UIInterfaceOrientationLandscapeLeft UIInterfaceOrientationLandscapeRight";
				INFOPLIST_KEY_UISupportedInterfaceOrientations_iPhone = "UIInterfaceOrientationPortrait UIInterfaceOrientationLandscapeLeft UIInterfaceOrientationLandscapeRight";
				LD_RUNPATH_SEARCH_PATHS = (
					"$(inherited)",
					"@executable_path/Frameworks",
				);
				MARKETING_VERSION = 1.0;
				PRODUCT_BUNDLE_IDENTIFIER = "KyungsupGo.NetworkBasicPractice-SeSACWeek4";
				PRODUCT_NAME = "$(TARGET_NAME)";
				SWIFT_EMIT_LOC_STRINGS = YES;
				SWIFT_VERSION = 5.0;
				TARGETED_DEVICE_FAMILY = "1,2";
			};
			name = Debug;
		};
		AC79837F2890DD7D00C45C43 /* Release */ = {
			isa = XCBuildConfiguration;
			buildSettings = {
				ASSETCATALOG_COMPILER_APPICON_NAME = AppIcon;
				ASSETCATALOG_COMPILER_GLOBAL_ACCENT_COLOR_NAME = AccentColor;
				CODE_SIGN_STYLE = Automatic;
				CURRENT_PROJECT_VERSION = 1;
				DEVELOPMENT_TEAM = Q83JD2ZC9T;
				GENERATE_INFOPLIST_FILE = YES;
				INFOPLIST_FILE = NetworkBasicPractice_SeSACWeek4/Info.plist;
				INFOPLIST_KEY_UIApplicationSupportsIndirectInputEvents = YES;
				INFOPLIST_KEY_UILaunchStoryboardName = LaunchScreen;
				INFOPLIST_KEY_UIMainStoryboardFile = Main;
				INFOPLIST_KEY_UISupportedInterfaceOrientations_iPad = "UIInterfaceOrientationPortrait UIInterfaceOrientationPortraitUpsideDown UIInterfaceOrientationLandscapeLeft UIInterfaceOrientationLandscapeRight";
				INFOPLIST_KEY_UISupportedInterfaceOrientations_iPhone = "UIInterfaceOrientationPortrait UIInterfaceOrientationLandscapeLeft UIInterfaceOrientationLandscapeRight";
				LD_RUNPATH_SEARCH_PATHS = (
					"$(inherited)",
					"@executable_path/Frameworks",
				);
				MARKETING_VERSION = 1.0;
				PRODUCT_BUNDLE_IDENTIFIER = "KyungsupGo.NetworkBasicPractice-SeSACWeek4";
				PRODUCT_NAME = "$(TARGET_NAME)";
				SWIFT_EMIT_LOC_STRINGS = YES;
				SWIFT_VERSION = 5.0;
				TARGETED_DEVICE_FAMILY = "1,2";
			};
			name = Release;
		};
/* End XCBuildConfiguration section */

/* Begin XCConfigurationList section */
		AC7983642890DD7D00C45C43 /* Build configuration list for PBXProject "NetworkBasicPractice_SeSACWeek4" */ = {
			isa = XCConfigurationList;
			buildConfigurations = (
				AC79837B2890DD7D00C45C43 /* Debug */,
				AC79837C2890DD7D00C45C43 /* Release */,
			);
			defaultConfigurationIsVisible = 0;
			defaultConfigurationName = Release;
		};
		AC79837D2890DD7D00C45C43 /* Build configuration list for PBXNativeTarget "NetworkBasicPractice_SeSACWeek4" */ = {
			isa = XCConfigurationList;
			buildConfigurations = (
				AC79837E2890DD7D00C45C43 /* Debug */,
				AC79837F2890DD7D00C45C43 /* Release */,
			);
			defaultConfigurationIsVisible = 0;
			defaultConfigurationName = Release;
		};
/* End XCConfigurationList section */
	};
	rootObject = AC7983612890DD7D00C45C43 /* Project object */;
}
